// !$*UTF8*$!
{
	archiveVersion = 1;
	classes = {
	};
	objectVersion = 52;
	objects = {

/* Begin PBXBuildFile section */
		58CDAF2824D5150B002B69A2 /* SignupView.swift in Sources */ = {isa = PBXBuildFile; fileRef = 58CDAF2724D5150B002B69A2 /* SignupView.swift */; };
		58CDAF2A24D51529002B69A2 /* LoginView.swift in Sources */ = {isa = PBXBuildFile; fileRef = 58CDAF2924D51529002B69A2 /* LoginView.swift */; };
		58CDAF2C24D5155B002B69A2 /* ContentView.swift in Sources */ = {isa = PBXBuildFile; fileRef = 58CDAF2B24D5155B002B69A2 /* ContentView.swift */; };
		58CDAF2E24D51583002B69A2 /* ProfileView.swift in Sources */ = {isa = PBXBuildFile; fileRef = 58CDAF2D24D51583002B69A2 /* ProfileView.swift */; };
		58CDAF3124D51ADC002B69A2 /* ViewController.swift in Sources */ = {isa = PBXBuildFile; fileRef = 58CDAF3024D51ADC002B69A2 /* ViewController.swift */; };
		58CDAF3324D51B07002B69A2 /* ViewCondition.swift in Sources */ = {isa = PBXBuildFile; fileRef = 58CDAF3224D51B07002B69A2 /* ViewCondition.swift */; };
		58CDAF3624D51BD9002B69A2 /* Stick.swift in Sources */ = {isa = PBXBuildFile; fileRef = 58CDAF3524D51BD9002B69A2 /* Stick.swift */; };
		58CDAF3924D526BD002B69A2 /* URL.swift in Sources */ = {isa = PBXBuildFile; fileRef = 58CDAF3824D526BD002B69A2 /* URL.swift */; };
		58CDAF3B24D5433D002B69A2 /* User.swift in Sources */ = {isa = PBXBuildFile; fileRef = 58CDAF3A24D5433D002B69A2 /* User.swift */; };
		58CDAF3F24D54786002B69A2 /* AvatarView.swift in Sources */ = {isa = PBXBuildFile; fileRef = 58CDAF3E24D54786002B69A2 /* AvatarView.swift */; };
		58CDAF4224D55E32002B69A2 /* Alamofire in Frameworks */ = {isa = PBXBuildFile; productRef = 58CDAF4124D55E32002B69A2 /* Alamofire */; };
		6DA4F50524CD33E500A88DC4 /* AppDelegate.swift in Sources */ = {isa = PBXBuildFile; fileRef = 6DA4F50424CD33E500A88DC4 /* AppDelegate.swift */; };
		6DA4F50724CD33E500A88DC4 /* SceneDelegate.swift in Sources */ = {isa = PBXBuildFile; fileRef = 6DA4F50624CD33E500A88DC4 /* SceneDelegate.swift */; };
		6DA4F50B24CD33E700A88DC4 /* Assets.xcassets in Resources */ = {isa = PBXBuildFile; fileRef = 6DA4F50A24CD33E700A88DC4 /* Assets.xcassets */; };
		6DA4F50E24CD33E700A88DC4 /* Preview Assets.xcassets in Resources */ = {isa = PBXBuildFile; fileRef = 6DA4F50D24CD33E700A88DC4 /* Preview Assets.xcassets */; };
		6DA4F51124CD33E700A88DC4 /* LaunchScreen.storyboard in Resources */ = {isa = PBXBuildFile; fileRef = 6DA4F50F24CD33E700A88DC4 /* LaunchScreen.storyboard */; };
		6DA4F51924CD4EC900A88DC4 /* Stick_Frontend_Network.swift in Sources */ = {isa = PBXBuildFile; fileRef = 6DA4F51824CD4EC900A88DC4 /* Stick_Frontend_Network.swift */; };
		6DA4F52F24D53EA500A88DC4 /* SwiftJWT in Frameworks */ = {isa = PBXBuildFile; productRef = 6DA4F52E24D53EA500A88DC4 /* SwiftJWT */; };
		6DA4F53124D5437000A88DC4 /* Tag.swift in Sources */ = {isa = PBXBuildFile; fileRef = 6DA4F53024D5437000A88DC4 /* Tag.swift */; };
		6DA4F53524D5668F00A88DC4 /* Stickify.swift in Sources */ = {isa = PBXBuildFile; fileRef = 6DA4F53424D5668F00A88DC4 /* Stickify.swift */; };
		6DB2F51F24D9327A00E3DB02 /* scroll.swift in Sources */ = {isa = PBXBuildFile; fileRef = 6DB2F51E24D9327A00E3DB02 /* scroll.swift */; };
		6DE792C424DABAA5004547C3 /* BrowseView.swift in Sources */ = {isa = PBXBuildFile; fileRef = 6DE792C324DABAA5004547C3 /* BrowseView.swift */; };
/* End PBXBuildFile section */

/* Begin PBXFileReference section */
		58CDAF2724D5150B002B69A2 /* SignupView.swift */ = {isa = PBXFileReference; lastKnownFileType = sourcecode.swift; path = SignupView.swift; sourceTree = "<group>"; };
		58CDAF2924D51529002B69A2 /* LoginView.swift */ = {isa = PBXFileReference; lastKnownFileType = sourcecode.swift; path = LoginView.swift; sourceTree = "<group>"; };
		58CDAF2B24D5155B002B69A2 /* ContentView.swift */ = {isa = PBXFileReference; lastKnownFileType = sourcecode.swift; path = ContentView.swift; sourceTree = "<group>"; };
		58CDAF2D24D51583002B69A2 /* ProfileView.swift */ = {isa = PBXFileReference; lastKnownFileType = sourcecode.swift; path = ProfileView.swift; sourceTree = "<group>"; };
		58CDAF3024D51ADC002B69A2 /* ViewController.swift */ = {isa = PBXFileReference; lastKnownFileType = sourcecode.swift; path = ViewController.swift; sourceTree = "<group>"; };
		58CDAF3224D51B07002B69A2 /* ViewCondition.swift */ = {isa = PBXFileReference; lastKnownFileType = sourcecode.swift; path = ViewCondition.swift; sourceTree = "<group>"; };
		58CDAF3524D51BD9002B69A2 /* Stick.swift */ = {isa = PBXFileReference; lastKnownFileType = sourcecode.swift; path = Stick.swift; sourceTree = "<group>"; };
		58CDAF3824D526BD002B69A2 /* URL.swift */ = {isa = PBXFileReference; lastKnownFileType = sourcecode.swift; path = URL.swift; sourceTree = "<group>"; };
		58CDAF3A24D5433D002B69A2 /* User.swift */ = {isa = PBXFileReference; lastKnownFileType = sourcecode.swift; path = User.swift; sourceTree = "<group>"; };
		58CDAF3E24D54786002B69A2 /* AvatarView.swift */ = {isa = PBXFileReference; lastKnownFileType = sourcecode.swift; path = AvatarView.swift; sourceTree = "<group>"; };
		6DA4F50124CD33E500A88DC4 /* stick_frontend.app */ = {isa = PBXFileReference; explicitFileType = wrapper.application; includeInIndex = 0; path = stick_frontend.app; sourceTree = BUILT_PRODUCTS_DIR; };
		6DA4F50424CD33E500A88DC4 /* AppDelegate.swift */ = {isa = PBXFileReference; lastKnownFileType = sourcecode.swift; path = AppDelegate.swift; sourceTree = "<group>"; };
		6DA4F50624CD33E500A88DC4 /* SceneDelegate.swift */ = {isa = PBXFileReference; lastKnownFileType = sourcecode.swift; path = SceneDelegate.swift; sourceTree = "<group>"; };
		6DA4F50A24CD33E700A88DC4 /* Assets.xcassets */ = {isa = PBXFileReference; lastKnownFileType = folder.assetcatalog; path = Assets.xcassets; sourceTree = "<group>"; };
		6DA4F50D24CD33E700A88DC4 /* Preview Assets.xcassets */ = {isa = PBXFileReference; lastKnownFileType = folder.assetcatalog; path = "Preview Assets.xcassets"; sourceTree = "<group>"; };
		6DA4F51024CD33E700A88DC4 /* Base */ = {isa = PBXFileReference; lastKnownFileType = file.storyboard; name = Base; path = Base.lproj/LaunchScreen.storyboard; sourceTree = "<group>"; };
		6DA4F51224CD33E700A88DC4 /* Info.plist */ = {isa = PBXFileReference; lastKnownFileType = text.plist.xml; path = Info.plist; sourceTree = "<group>"; };
		6DA4F51824CD4EC900A88DC4 /* Stick_Frontend_Network.swift */ = {isa = PBXFileReference; lastKnownFileType = sourcecode.swift; path = Stick_Frontend_Network.swift; sourceTree = "<group>"; };
		6DA4F53024D5437000A88DC4 /* Tag.swift */ = {isa = PBXFileReference; lastKnownFileType = sourcecode.swift; path = Tag.swift; sourceTree = "<group>"; };
		6DA4F53424D5668F00A88DC4 /* Stickify.swift */ = {isa = PBXFileReference; lastKnownFileType = sourcecode.swift; path = Stickify.swift; sourceTree = "<group>"; };
		6DB2F51E24D9327A00E3DB02 /* scroll.swift */ = {isa = PBXFileReference; lastKnownFileType = sourcecode.swift; path = scroll.swift; sourceTree = "<group>"; };
		6DE792C324DABAA5004547C3 /* BrowseView.swift */ = {isa = PBXFileReference; lastKnownFileType = sourcecode.swift; path = BrowseView.swift; sourceTree = "<group>"; };
/* End PBXFileReference section */

/* Begin PBXFrameworksBuildPhase section */
		6DA4F4FE24CD33E500A88DC4 /* Frameworks */ = {
			isa = PBXFrameworksBuildPhase;
			buildActionMask = 2147483647;
			files = (
				6DA4F52F24D53EA500A88DC4 /* SwiftJWT in Frameworks */,
				58CDAF4224D55E32002B69A2 /* Alamofire in Frameworks */,
			);
			runOnlyForDeploymentPostprocessing = 0;
		};
/* End PBXFrameworksBuildPhase section */

/* Begin PBXGroup section */
		58CDAF2624D514EB002B69A2 /* View */ = {
			isa = PBXGroup;
			children = (
				58CDAF2724D5150B002B69A2 /* SignupView.swift */,
				58CDAF2924D51529002B69A2 /* LoginView.swift */,
				58CDAF2B24D5155B002B69A2 /* ContentView.swift */,
				58CDAF2D24D51583002B69A2 /* ProfileView.swift */,
				58CDAF3E24D54786002B69A2 /* AvatarView.swift */,
				6DA4F53424D5668F00A88DC4 /* Stickify.swift */,
				6DB2F51E24D9327A00E3DB02 /* scroll.swift */,
				6DE792C324DABAA5004547C3 /* BrowseView.swift */,
			);
			path = View;
			sourceTree = "<group>";
		};
		58CDAF2F24D516F8002B69A2 /* ViewController */ = {
			isa = PBXGroup;
			children = (
				58CDAF3024D51ADC002B69A2 /* ViewController.swift */,
				58CDAF3224D51B07002B69A2 /* ViewCondition.swift */,
			);
			path = ViewController;
			sourceTree = "<group>";
		};
		58CDAF3424D51BCA002B69A2 /* Model */ = {
			isa = PBXGroup;
			children = (
				58CDAF3524D51BD9002B69A2 /* Stick.swift */,
				58CDAF3A24D5433D002B69A2 /* User.swift */,
				6DA4F53024D5437000A88DC4 /* Tag.swift */,
			);
			path = Model;
			sourceTree = "<group>";
		};
		58CDAF3724D526A4002B69A2 /* Config */ = {
			isa = PBXGroup;
			children = (
				58CDAF3824D526BD002B69A2 /* URL.swift */,
			);
			path = Config;
			sourceTree = "<group>";
		};
		6DA4F4F824CD33E500A88DC4 = {
			isa = PBXGroup;
			children = (
				6DA4F50324CD33E500A88DC4 /* stick_frontend */,
				6DA4F50224CD33E500A88DC4 /* Products */,
			);
			sourceTree = "<group>";
		};
		6DA4F50224CD33E500A88DC4 /* Products */ = {
			isa = PBXGroup;
			children = (
				6DA4F50124CD33E500A88DC4 /* stick_frontend.app */,
			);
			name = Products;
			sourceTree = "<group>";
		};
		6DA4F50324CD33E500A88DC4 /* stick_frontend */ = {
			isa = PBXGroup;
			children = (
				58CDAF3724D526A4002B69A2 /* Config */,
				58CDAF3424D51BCA002B69A2 /* Model */,
				58CDAF2F24D516F8002B69A2 /* ViewController */,
				58CDAF2624D514EB002B69A2 /* View */,
				6DA4F50424CD33E500A88DC4 /* AppDelegate.swift */,
				6DA4F50624CD33E500A88DC4 /* SceneDelegate.swift */,
				6DA4F51824CD4EC900A88DC4 /* Stick_Frontend_Network.swift */,
				6DA4F50A24CD33E700A88DC4 /* Assets.xcassets */,
				6DA4F50F24CD33E700A88DC4 /* LaunchScreen.storyboard */,
				6DA4F51224CD33E700A88DC4 /* Info.plist */,
				6DA4F50C24CD33E700A88DC4 /* Preview Content */,
			);
			path = stick_frontend;
			sourceTree = "<group>";
		};
		6DA4F50C24CD33E700A88DC4 /* Preview Content */ = {
			isa = PBXGroup;
			children = (
				6DA4F50D24CD33E700A88DC4 /* Preview Assets.xcassets */,
			);
			path = "Preview Content";
			sourceTree = "<group>";
		};
/* End PBXGroup section */

/* Begin PBXNativeTarget section */
		6DA4F50024CD33E500A88DC4 /* stick_frontend */ = {
			isa = PBXNativeTarget;
			buildConfigurationList = 6DA4F51524CD33E700A88DC4 /* Build configuration list for PBXNativeTarget "stick_frontend" */;
			buildPhases = (
				6DA4F4FD24CD33E500A88DC4 /* Sources */,
				6DA4F4FE24CD33E500A88DC4 /* Frameworks */,
				6DA4F4FF24CD33E500A88DC4 /* Resources */,
			);
			buildRules = (
			);
			dependencies = (
			);
			name = stick_frontend;
			packageProductDependencies = (
				6DA4F52E24D53EA500A88DC4 /* SwiftJWT */,
				58CDAF4124D55E32002B69A2 /* Alamofire */,
			);
			productName = stick_frontend;
			productReference = 6DA4F50124CD33E500A88DC4 /* stick_frontend.app */;
			productType = "com.apple.product-type.application";
		};
/* End PBXNativeTarget section */

/* Begin PBXProject section */
		6DA4F4F924CD33E500A88DC4 /* Project object */ = {
			isa = PBXProject;
			attributes = {
				LastSwiftUpdateCheck = 1150;
				LastUpgradeCheck = 1150;
				ORGANIZATIONNAME = "Deng mou";
				TargetAttributes = {
					6DA4F50024CD33E500A88DC4 = {
						CreatedOnToolsVersion = 11.5;
					};
				};
			};
			buildConfigurationList = 6DA4F4FC24CD33E500A88DC4 /* Build configuration list for PBXProject "stick_frontend" */;
			compatibilityVersion = "Xcode 9.3";
			developmentRegion = en;
			hasScannedForEncodings = 0;
			knownRegions = (
				en,
				Base,
			);
			mainGroup = 6DA4F4F824CD33E500A88DC4;
			packageReferences = (
				6DA4F52D24D53EA500A88DC4 /* XCRemoteSwiftPackageReference "Swift-JWT" */,
				58CDAF4024D55E32002B69A2 /* XCRemoteSwiftPackageReference "Alamofire" */,
			);
			productRefGroup = 6DA4F50224CD33E500A88DC4 /* Products */;
			projectDirPath = "";
			projectRoot = "";
			targets = (
				6DA4F50024CD33E500A88DC4 /* stick_frontend */,
			);
		};
/* End PBXProject section */

/* Begin PBXResourcesBuildPhase section */
		6DA4F4FF24CD33E500A88DC4 /* Resources */ = {
			isa = PBXResourcesBuildPhase;
			buildActionMask = 2147483647;
			files = (
				6DA4F51124CD33E700A88DC4 /* LaunchScreen.storyboard in Resources */,
				6DA4F50E24CD33E700A88DC4 /* Preview Assets.xcassets in Resources */,
				6DA4F50B24CD33E700A88DC4 /* Assets.xcassets in Resources */,
			);
			runOnlyForDeploymentPostprocessing = 0;
		};
/* End PBXResourcesBuildPhase section */

/* Begin PBXSourcesBuildPhase section */
		6DA4F4FD24CD33E500A88DC4 /* Sources */ = {
			isa = PBXSourcesBuildPhase;
			buildActionMask = 2147483647;
			files = (
				6DA4F53124D5437000A88DC4 /* Tag.swift in Sources */,
				58CDAF2C24D5155B002B69A2 /* ContentView.swift in Sources */,
				6DA4F50524CD33E500A88DC4 /* AppDelegate.swift in Sources */,
				58CDAF3324D51B07002B69A2 /* ViewCondition.swift in Sources */,
				58CDAF3924D526BD002B69A2 /* URL.swift in Sources */,
				58CDAF3F24D54786002B69A2 /* AvatarView.swift in Sources */,
				58CDAF3124D51ADC002B69A2 /* ViewController.swift in Sources */,
				6DA4F51924CD4EC900A88DC4 /* Stick_Frontend_Network.swift in Sources */,
				6DE792C424DABAA5004547C3 /* BrowseView.swift in Sources */,
				6DA4F50724CD33E500A88DC4 /* SceneDelegate.swift in Sources */,
				6DB2F51F24D9327A00E3DB02 /* scroll.swift in Sources */,
				58CDAF2A24D51529002B69A2 /* LoginView.swift in Sources */,
				58CDAF3B24D5433D002B69A2 /* User.swift in Sources */,
				58CDAF2E24D51583002B69A2 /* ProfileView.swift in Sources */,
				58CDAF3624D51BD9002B69A2 /* Stick.swift in Sources */,
				6DA4F53524D5668F00A88DC4 /* Stickify.swift in Sources */,
				58CDAF2824D5150B002B69A2 /* SignupView.swift in Sources */,
			);
			runOnlyForDeploymentPostprocessing = 0;
		};
/* End PBXSourcesBuildPhase section */

/* Begin PBXVariantGroup section */
		6DA4F50F24CD33E700A88DC4 /* LaunchScreen.storyboard */ = {
			isa = PBXVariantGroup;
			children = (
				6DA4F51024CD33E700A88DC4 /* Base */,
			);
			name = LaunchScreen.storyboard;
			sourceTree = "<group>";
		};
/* End PBXVariantGroup section */

/* Begin XCBuildConfiguration section */
		6DA4F51324CD33E700A88DC4 /* Debug */ = {
			isa = XCBuildConfiguration;
			buildSettings = {
				ALWAYS_SEARCH_USER_PATHS = NO;
				CLANG_ANALYZER_NONNULL = YES;
				CLANG_ANALYZER_NUMBER_OBJECT_CONVERSION = YES_AGGRESSIVE;
				CLANG_CXX_LANGUAGE_STANDARD = "gnu++14";
				CLANG_CXX_LIBRARY = "libc++";
				CLANG_ENABLE_MODULES = YES;
				CLANG_ENABLE_OBJC_ARC = YES;
				CLANG_ENABLE_OBJC_WEAK = YES;
				CLANG_WARN_BLOCK_CAPTURE_AUTORELEASING = YES;
				CLANG_WARN_BOOL_CONVERSION = YES;
				CLANG_WARN_COMMA = YES;
				CLANG_WARN_CONSTANT_CONVERSION = YES;
				CLANG_WARN_DEPRECATED_OBJC_IMPLEMENTATIONS = YES;
				CLANG_WARN_DIRECT_OBJC_ISA_USAGE = YES_ERROR;
				CLANG_WARN_DOCUMENTATION_COMMENTS = YES;
				CLANG_WARN_EMPTY_BODY = YES;
				CLANG_WARN_ENUM_CONVERSION = YES;
				CLANG_WARN_INFINITE_RECURSION = YES;
				CLANG_WARN_INT_CONVERSION = YES;
				CLANG_WARN_NON_LITERAL_NULL_CONVERSION = YES;
				CLANG_WARN_OBJC_IMPLICIT_RETAIN_SELF = YES;
				CLANG_WARN_OBJC_LITERAL_CONVERSION = YES;
				CLANG_WARN_OBJC_ROOT_CLASS = YES_ERROR;
				CLANG_WARN_RANGE_LOOP_ANALYSIS = YES;
				CLANG_WARN_STRICT_PROTOTYPES = YES;
				CLANG_WARN_SUSPICIOUS_MOVE = YES;
				CLANG_WARN_UNGUARDED_AVAILABILITY = YES_AGGRESSIVE;
				CLANG_WARN_UNREACHABLE_CODE = YES;
				CLANG_WARN__DUPLICATE_METHOD_MATCH = YES;
				COPY_PHASE_STRIP = NO;
				DEBUG_INFORMATION_FORMAT = dwarf;
				ENABLE_STRICT_OBJC_MSGSEND = YES;
				ENABLE_TESTABILITY = YES;
				GCC_C_LANGUAGE_STANDARD = gnu11;
				GCC_DYNAMIC_NO_PIC = NO;
				GCC_NO_COMMON_BLOCKS = YES;
				GCC_OPTIMIZATION_LEVEL = 0;
				GCC_PREPROCESSOR_DEFINITIONS = (
					"DEBUG=1",
					"$(inherited)",
				);
				GCC_WARN_64_TO_32_BIT_CONVERSION = YES;
				GCC_WARN_ABOUT_RETURN_TYPE = YES_ERROR;
				GCC_WARN_UNDECLARED_SELECTOR = YES;
				GCC_WARN_UNINITIALIZED_AUTOS = YES_AGGRESSIVE;
				GCC_WARN_UNUSED_FUNCTION = YES;
				GCC_WARN_UNUSED_VARIABLE = YES;
				IPHONEOS_DEPLOYMENT_TARGET = 13.5;
				MTL_ENABLE_DEBUG_INFO = INCLUDE_SOURCE;
				MTL_FAST_MATH = YES;
				ONLY_ACTIVE_ARCH = YES;
				SDKROOT = iphoneos;
				SWIFT_ACTIVE_COMPILATION_CONDITIONS = DEBUG;
				SWIFT_OPTIMIZATION_LEVEL = "-Onone";
			};
			name = Debug;
		};
		6DA4F51424CD33E700A88DC4 /* Release */ = {
			isa = XCBuildConfiguration;
			buildSettings = {
				ALWAYS_SEARCH_USER_PATHS = NO;
				CLANG_ANALYZER_NONNULL = YES;
				CLANG_ANALYZER_NUMBER_OBJECT_CONVERSION = YES_AGGRESSIVE;
				CLANG_CXX_LANGUAGE_STANDARD = "gnu++14";
				CLANG_CXX_LIBRARY = "libc++";
				CLANG_ENABLE_MODULES = YES;
				CLANG_ENABLE_OBJC_ARC = YES;
				CLANG_ENABLE_OBJC_WEAK = YES;
				CLANG_WARN_BLOCK_CAPTURE_AUTORELEASING = YES;
				CLANG_WARN_BOOL_CONVERSION = YES;
				CLANG_WARN_COMMA = YES;
				CLANG_WARN_CONSTANT_CONVERSION = YES;
				CLANG_WARN_DEPRECATED_OBJC_IMPLEMENTATIONS = YES;
				CLANG_WARN_DIRECT_OBJC_ISA_USAGE = YES_ERROR;
				CLANG_WARN_DOCUMENTATION_COMMENTS = YES;
				CLANG_WARN_EMPTY_BODY = YES;
				CLANG_WARN_ENUM_CONVERSION = YES;
				CLANG_WARN_INFINITE_RECURSION = YES;
				CLANG_WARN_INT_CONVERSION = YES;
				CLANG_WARN_NON_LITERAL_NULL_CONVERSION = YES;
				CLANG_WARN_OBJC_IMPLICIT_RETAIN_SELF = YES;
				CLANG_WARN_OBJC_LITERAL_CONVERSION = YES;
				CLANG_WARN_OBJC_ROOT_CLASS = YES_ERROR;
				CLANG_WARN_RANGE_LOOP_ANALYSIS = YES;
				CLANG_WARN_STRICT_PROTOTYPES = YES;
				CLANG_WARN_SUSPICIOUS_MOVE = YES;
				CLANG_WARN_UNGUARDED_AVAILABILITY = YES_AGGRESSIVE;
				CLANG_WARN_UNREACHABLE_CODE = YES;
				CLANG_WARN__DUPLICATE_METHOD_MATCH = YES;
				COPY_PHASE_STRIP = NO;
				DEBUG_INFORMATION_FORMAT = "dwarf-with-dsym";
				ENABLE_NS_ASSERTIONS = NO;
				ENABLE_STRICT_OBJC_MSGSEND = YES;
				GCC_C_LANGUAGE_STANDARD = gnu11;
				GCC_NO_COMMON_BLOCKS = YES;
				GCC_WARN_64_TO_32_BIT_CONVERSION = YES;
				GCC_WARN_ABOUT_RETURN_TYPE = YES_ERROR;
				GCC_WARN_UNDECLARED_SELECTOR = YES;
				GCC_WARN_UNINITIALIZED_AUTOS = YES_AGGRESSIVE;
				GCC_WARN_UNUSED_FUNCTION = YES;
				GCC_WARN_UNUSED_VARIABLE = YES;
				IPHONEOS_DEPLOYMENT_TARGET = 13.5;
				MTL_ENABLE_DEBUG_INFO = NO;
				MTL_FAST_MATH = YES;
				SDKROOT = iphoneos;
				SWIFT_COMPILATION_MODE = wholemodule;
				SWIFT_OPTIMIZATION_LEVEL = "-O";
				VALIDATE_PRODUCT = YES;
			};
			name = Release;
		};
		6DA4F51624CD33E700A88DC4 /* Debug */ = {
			isa = XCBuildConfiguration;
			buildSettings = {
				ASSETCATALOG_COMPILER_APPICON_NAME = AppIcon;
				CODE_SIGN_STYLE = Automatic;
				DEVELOPMENT_ASSET_PATHS = "\"stick_frontend/Preview Content\"";
				DEVELOPMENT_TEAM = 3P84YME96B;
				ENABLE_PREVIEWS = YES;
				INFOPLIST_FILE = stick_frontend/Info.plist;
				LD_RUNPATH_SEARCH_PATHS = (
					"$(inherited)",
					"@executable_path/Frameworks",
				);
				PRODUCT_BUNDLE_IDENTIFIER = "com.voddle.stick-frontend";
				PRODUCT_NAME = "$(TARGET_NAME)";
				SWIFT_VERSION = 5.0;
				TARGETED_DEVICE_FAMILY = "1,2";
			};
			name = Debug;
		};
		6DA4F51724CD33E700A88DC4 /* Release */ = {
			isa = XCBuildConfiguration;
			buildSettings = {
				ASSETCATALOG_COMPILER_APPICON_NAME = AppIcon;
				CODE_SIGN_STYLE = Automatic;
				DEVELOPMENT_ASSET_PATHS = "\"stick_frontend/Preview Content\"";
				DEVELOPMENT_TEAM = 3P84YME96B;
				ENABLE_PREVIEWS = YES;
				INFOPLIST_FILE = stick_frontend/Info.plist;
				LD_RUNPATH_SEARCH_PATHS = (
					"$(inherited)",
					"@executable_path/Frameworks",
				);
				PRODUCT_BUNDLE_IDENTIFIER = "com.voddle.stick-frontend";
				PRODUCT_NAME = "$(TARGET_NAME)";
				SWIFT_VERSION = 5.0;
				TARGETED_DEVICE_FAMILY = "1,2";
			};
			name = Release;
		};
/* End XCBuildConfiguration section */

/* Begin XCConfigurationList section */
		6DA4F4FC24CD33E500A88DC4 /* Build configuration list for PBXProject "stick_frontend" */ = {
			isa = XCConfigurationList;
			buildConfigurations = (
				6DA4F51324CD33E700A88DC4 /* Debug */,
				6DA4F51424CD33E700A88DC4 /* Release */,
			);
			defaultConfigurationIsVisible = 0;
			defaultConfigurationName = Release;
		};
		6DA4F51524CD33E700A88DC4 /* Build configuration list for PBXNativeTarget "stick_frontend" */ = {
			isa = XCConfigurationList;
			buildConfigurations = (
				6DA4F51624CD33E700A88DC4 /* Debug */,
				6DA4F51724CD33E700A88DC4 /* Release */,
			);
			defaultConfigurationIsVisible = 0;
			defaultConfigurationName = Release;
		};
/* End XCConfigurationList section */

/* Begin XCRemoteSwiftPackageReference section */
		58CDAF4024D55E32002B69A2 /* XCRemoteSwiftPackageReference "Alamofire" */ = {
			isa = XCRemoteSwiftPackageReference;
			repositoryURL = "https://github.com/Alamofire/Alamofire.git";
			requirement = {
				kind = upToNextMajorVersion;
				minimumVersion = 5.2.2;
			};
		};
		6DA4F52D24D53EA500A88DC4 /* XCRemoteSwiftPackageReference "Swift-JWT" */ = {
			isa = XCRemoteSwiftPackageReference;
			repositoryURL = "https://github.com/IBM-Swift/Swift-JWT.git";
			requirement = {
				kind = upToNextMajorVersion;
				minimumVersion = 3.6.1;
			};
		};
/* End XCRemoteSwiftPackageReference section */

/* Begin XCSwiftPackageProductDependency section */
		58CDAF4124D55E32002B69A2 /* Alamofire */ = {
			isa = XCSwiftPackageProductDependency;
			package = 58CDAF4024D55E32002B69A2 /* XCRemoteSwiftPackageReference "Alamofire" */;
			productName = Alamofire;
		};
		6DA4F52E24D53EA500A88DC4 /* SwiftJWT */ = {
			isa = XCSwiftPackageProductDependency;
			package = 6DA4F52D24D53EA500A88DC4 /* XCRemoteSwiftPackageReference "Swift-JWT" */;
			productName = SwiftJWT;
		};
/* End XCSwiftPackageProductDependency section */
	};
	rootObject = 6DA4F4F924CD33E500A88DC4 /* Project object */;
}
